
Microsoft Visual Studio Solution File, Format Version 12.00
# Visual Studio Version 16
VisualStudioVersion = 16.0.29728.190
MinimumVisualStudioVersion = 10.0.40219.1
Project("{8BC9CEB8-8B4A-11D0-8D11-00A0C91BC942}") = "Project1", "Project1.vcxproj", "{EA9E6671-E566-439F-959B-93D92680D4C9}"
EndProject
Project("{8BC9CEB8-8B4A-11D0-8D11-00A0C91BC942}") = "Admin", "Project2\Project2.vcxproj", "{C0CEFA91-C02C-48BD-9701-00489722688C}"
EndProject
Project("{8BC9CEB8-8B4A-11D0-8D11-00A0C91BC942}") = "User", "User\User.vcxproj", "{2BEB6376-A294-4E78-B7DD-7F1DEAA83F09}"
EndProject
Global
	GlobalSection(SolutionConfigurationPlatforms) = preSolution
		Debug|x64 = Debug|x64
		Debug|x86 = Debug|x86
		Release|x64 = Release|x64
		Release|x86 = Release|x86
	EndGlobalSection
	GlobalSection(ProjectConfigurationPlatforms) = postSolution
		{EA9E6671-E566-439F-959B-93D92680D4C9}.Debug|x64.ActiveCfg = Debug|x64
		{EA9E6671-E566-439F-959B-93D92680D4C9}.Debug|x64.Build.0 = Debug|x64
		{EA9E6671-E566-439F-959B-93D92680D4C9}.Debug|x86.ActiveCfg = Debug|Win32
		{EA9E6671-E566-439F-959B-93D92680D4C9}.Debug|x86.Build.0 = Debug|Win32
		{EA9E6671-E566-439F-959B-93D92680D4C9}.Release|x64.ActiveCfg = Release|x64
		{EA9E6671-E566-439F-959B-93D92680D4C9}.Release|x64.Build.0 = Release|x64
		{EA9E6671-E566-439F-959B-93D92680D4C9}.Release|x86.ActiveCfg = Release|Win32
		{EA9E6671-E566-439F-959B-93D92680D4C9}.Release|x86.Build.0 = Release|Win32
		{C0CEFA91-C02C-48BD-9701-00489722688C}.Debug|x64.ActiveCfg = Debug|x64
		{C0CEFA91-C02C-48BD-9701-00489722688C}.Debug|x64.Build.0 = Debug|x64
		{C0CEFA91-C02C-48BD-9701-00489722688C}.Debug|x86.ActiveCfg = Debug|Win32
		{C0CEFA91-C02C-48BD-9701-00489722688C}.Debug|x86.Build.0 = Debug|Win32
		{C0CEFA91-C02C-48BD-9701-00489722688C}.Release|x64.ActiveCfg = Release|x64
		{C0CEFA91-C02C-48BD-9701-00489722688C}.Release|x64.Build.0 = Release|x64
		{C0CEFA91-C02C-48BD-9701-00489722688C}.Release|x86.ActiveCfg = Release|Win32
		{C0CEFA91-C02C-48BD-9701-00489722688C}.Release|x86.Build.0 = Release|Win32
		{2BEB6376-A294-4E78-B7DD-7F1DEAA83F09}.Debug|x64.ActiveCfg = Debug|x64
		{2BEB6376-A294-4E78-B7DD-7F1DEAA83F09}.Debug|x64.Build.0 = Debug|x64
		{2BEB6376-A294-4E78-B7DD-7F1DEAA83F09}.Debug|x86.ActiveCfg = Debug|Win32
		{2BEB6376-A294-4E78-B7DD-7F1DEAA83F09}.Debug|x86.Build.0 = Debug|Win32
		{2BEB6376-A294-4E78-B7DD-7F1DEAA83F09}.Release|x64.ActiveCfg = Release|x64
		{2BEB6376-A294-4E78-B7DD-7F1DEAA83F09}.Release|x64.Build.0 = Release|x64
		{2BEB6376-A294-4E78-B7DD-7F1DEAA83F09}.Release|x86.ActiveCfg = Release|Win32
		{2BEB6376-A294-4E78-B7DD-7F1DEAA83F09}.Release|x86.Build.0 = Release|Win32
	EndGlobalSection
	GlobalSection(SolutionProperties) = preSolution
		HideSolutionNode = FALSE
	EndGlobalSection
	GlobalSection(ExtensibilityGlobals) = postSolution
		SolutionGuid = {713C2A9B-1DBC-4E2F-91E0-DA44815ACF8D}
	EndGlobalSection
EndGlobal
